
Microsoft Visual Studio Solution File, Format Version 12.00
# Visual Studio Version 16
VisualStudioVersion = 16.0.32630.194
MinimumVisualStudioVersion = 10.0.40219.1
Project("{888888A0-9F3D-457C-B088-3A5042F75D52}") = "Maximize It!", "Maximize It!.pyproj", "{3DEE0C95-549A-4EAB-B9D0-8961EB1CE348}"
EndProject
Global
	GlobalSection(SolutionConfigurationPlatforms) = preSolution
		Debug|Any CPU = Debug|Any CPU
		Release|Any CPU = Release|Any CPU
	EndGlobalSection
	GlobalSection(ProjectConfigurationPlatforms) = postSolution
		{3DEE0C95-549A-4EAB-B9D0-8961EB1CE348}.Debug|Any CPU.ActiveCfg = Debug|Any CPU
		{3DEE0C95-549A-4EAB-B9D0-8961EB1CE348}.Release|Any CPU.ActiveCfg = Release|Any CPU
	EndGlobalSection
	GlobalSection(SolutionProperties) = preSolution
		HideSolutionNode = FALSE
	EndGlobalSection
	GlobalSection(ExtensibilityGlobals) = postSolution
		SolutionGuid = {EF3B0379-7555-4D3C-BB93-5BD27C383336}
	EndGlobalSection
EndGlobal
